
Microsoft Visual Studio Solution File, Format Version 12.00
# Visual Studio Version 17
VisualStudioVersion = 17.13.35931.197
MinimumVisualStudioVersion = 10.0.40219.1
Project("{FAE04EC0-301F-11D3-BF4B-00C04F79EFBC}") = "02- Implementing Delete Method On Avl Tree", "02- Implementing Delete Method On Avl Tree.csproj", "{290915F3-49FB-4206-B2A7-93E4B31F3BAA}"
EndProject
Global
	GlobalSection(SolutionConfigurationPlatforms) = preSolution
		Debug|Any CPU = Debug|Any CPU
		Release|Any CPU = Release|Any CPU
	EndGlobalSection
	GlobalSection(ProjectConfigurationPlatforms) = postSolution
		{290915F3-49FB-4206-B2A7-93E4B31F3BAA}.Debug|Any CPU.ActiveCfg = Debug|Any CPU
		{290915F3-49FB-4206-B2A7-93E4B31F3BAA}.Debug|Any CPU.Build.0 = Debug|Any CPU
		{290915F3-49FB-4206-B2A7-93E4B31F3BAA}.Release|Any CPU.ActiveCfg = Release|Any CPU
		{290915F3-49FB-4206-B2A7-93E4B31F3BAA}.Release|Any CPU.Build.0 = Release|Any CPU
	EndGlobalSection
	GlobalSection(SolutionProperties) = preSolution
		HideSolutionNode = FALSE
	EndGlobalSection
	GlobalSection(ExtensibilityGlobals) = postSolution
		SolutionGuid = {D876F1D3-CCB7-4ECD-B24F-ED36BFBAEFF0}
	EndGlobalSection
EndGlobal
