
Microsoft Visual Studio Solution File, Format Version 12.00
# Visual Studio Version 17
VisualStudioVersion = 17.13.35828.75 d17.13
MinimumVisualStudioVersion = 10.0.40219.1
Project("{FAE04EC0-301F-11D3-BF4B-00C04F79EFBC}") = "Selection Sort", "Selection Sort.csproj", "{E87F9DB6-58A4-46D5-871E-F084319986AF}"
EndProject
Global
	GlobalSection(SolutionConfigurationPlatforms) = preSolution
		Debug|Any CPU = Debug|Any CPU
		Release|Any CPU = Release|Any CPU
	EndGlobalSection
	GlobalSection(ProjectConfigurationPlatforms) = postSolution
		{E87F9DB6-58A4-46D5-871E-F084319986AF}.Debug|Any CPU.ActiveCfg = Debug|Any CPU
		{E87F9DB6-58A4-46D5-871E-F084319986AF}.Debug|Any CPU.Build.0 = Debug|Any CPU
		{E87F9DB6-58A4-46D5-871E-F084319986AF}.Release|Any CPU.ActiveCfg = Release|Any CPU
		{E87F9DB6-58A4-46D5-871E-F084319986AF}.Release|Any CPU.Build.0 = Release|Any CPU
	EndGlobalSection
	GlobalSection(SolutionProperties) = preSolution
		HideSolutionNode = FALSE
	EndGlobalSection
	GlobalSection(ExtensibilityGlobals) = postSolution
		SolutionGuid = {1006506E-D359-4F59-86AF-D3F8950A6550}
	EndGlobalSection
EndGlobal
