
Microsoft Visual Studio Solution File, Format Version 12.00
# Visual Studio Version 17
VisualStudioVersion = 17.13.35828.75 d17.13
MinimumVisualStudioVersion = 10.0.40219.1
Project("{FAE04EC0-301F-11D3-BF4B-00C04F79EFBC}") = "Insertion Sort", "Insertion Sort.csproj", "{B5B105A0-D415-404C-9FF9-0C5D6CB7B0FF}"
EndProject
Global
	GlobalSection(SolutionConfigurationPlatforms) = preSolution
		Debug|Any CPU = Debug|Any CPU
		Release|Any CPU = Release|Any CPU
	EndGlobalSection
	GlobalSection(ProjectConfigurationPlatforms) = postSolution
		{B5B105A0-D415-404C-9FF9-0C5D6CB7B0FF}.Debug|Any CPU.ActiveCfg = Debug|Any CPU
		{B5B105A0-D415-404C-9FF9-0C5D6CB7B0FF}.Debug|Any CPU.Build.0 = Debug|Any CPU
		{B5B105A0-D415-404C-9FF9-0C5D6CB7B0FF}.Release|Any CPU.ActiveCfg = Release|Any CPU
		{B5B105A0-D415-404C-9FF9-0C5D6CB7B0FF}.Release|Any CPU.Build.0 = Release|Any CPU
	EndGlobalSection
	GlobalSection(SolutionProperties) = preSolution
		HideSolutionNode = FALSE
	EndGlobalSection
	GlobalSection(ExtensibilityGlobals) = postSolution
		SolutionGuid = {14A385A6-0236-46F9-80A1-E3B383524F90}
	EndGlobalSection
EndGlobal
